<?xml version="1.0" encoding="utf-8"?>
<Project ToolsVersion="4.0" xmlns="http://schemas.microsoft.com/developer/msbuild/2003">
  <ItemGroup>
    <Filter Include="Zdrojové soubory">
      <UniqueIdentifier>{4FC737F1-C7A5-4376-A066-2A32D752A2FF}</UniqueIdentifier>
      <Extensions>cpp;c;cc;cxx;def;odl;idl;hpj;bat;asm;asmx</Extensions>
    </Filter>
    <Filter Include="Hlavičkové soubory">
      <UniqueIdentifier>{93995380-89BD-4b04-88EB-625FBE52EBFB}</UniqueIdentifier>
      <Extensions>h;hh;hpp;hxx;hm;inl;inc;ipp;xsd</Extensions>
    </Filter>
    <Filter Include="Soubory zdrojů">
      <UniqueIdentifier>{67DA6AB6-F800-4c08-8B7A-83BB121AAD01}</UniqueIdentifier>
      <Extensions>rc;ico;cur;bmp;dlg;rc2;rct;bin;rgs;gif;jpg;jpeg;jpe;resx;tiff;tif;png;wav;mfcribbon-ms</Extensions>
    </Filter>
    <Filter Include="Hlavičkové soubory\ObjectArray">
      <UniqueIdentifier>{8156570a-1d8a-4956-afc9-1ee1187964ed}</UniqueIdentifier>
    </Filter>
    <Filter Include="shaders">
      <UniqueIdentifier>{1495f90a-a646-4b63-8c41-bdef38ae069d}</UniqueIdentifier>
    </Filter>
    <Filter Include="shaders\vertex">
      <UniqueIdentifier>{d582ca95-fa7e-48ce-b707-308d2025aa6c}</UniqueIdentifier>
    </Filter>
    <Filter Include="shaders\fragment">
      <UniqueIdentifier>{1cdf24f0-74ee-4587-a5a8-275205d64fda}</UniqueIdentifier>
    </Filter>
    <Filter Include="Hlavičkové soubory\curves">
      <UniqueIdentifier>{89c4a586-f1a6-4171-89aa-7ce6a91bb710}</UniqueIdentifier>
    </Filter>
  </ItemGroup>
  <ItemGroup>
    <ClCompile Include="Source.cpp">
      <Filter>Zdrojové soubory</Filter>
    </ClCompile>
    <ClCompile Include="OpenGL.cpp">
      <Filter>Zdrojové soubory</Filter>
    </ClCompile>
    <ClCompile Include="Shader.cpp">
      <Filter>Zdrojové soubory</Filter>
    </ClCompile>
    <ClCompile Include="VertexObject.cpp">
      <Filter>Zdrojové soubory</Filter>
    </ClCompile>
    <ClCompile Include="Camera.cpp">
      <Filter>Zdrojové soubory</Filter>
    </ClCompile>
    <ClCompile Include="ShaderLoader.cpp">
      <Filter>Zdrojové soubory</Filter>
    </ClCompile>
    <ClCompile Include="Object.cpp">
      <Filter>Zdrojové soubory</Filter>
    </ClCompile>
    <ClCompile Include="Light.cpp">
      <Filter>Zdrojové soubory</Filter>
    </ClCompile>
    <ClCompile Include="Texture.cpp">
      <Filter>Zdrojové soubory</Filter>
    </ClCompile>
    <ClCompile Include="Model.cpp">
      <Filter>Zdrojové soubory</Filter>
    </ClCompile>
    <ClCompile Include="Application.cpp">
      <Filter>Zdrojové soubory</Filter>
    </ClCompile>
    <ClCompile Include="Renderer.cpp">
      <Filter>Zdrojové soubory</Filter>
    </ClCompile>
    <ClCompile Include="SceneObjects.cpp">
      <Filter>Zdrojové soubory</Filter>
    </ClCompile>
    <ClCompile Include="Movement.cpp">
      <Filter>Zdrojové soubory</Filter>
    </ClCompile>
  </ItemGroup>
  <ItemGroup>
    <ClInclude Include="OpenGL.h">
      <Filter>Hlavičkové soubory</Filter>
    </ClInclude>
    <ClInclude Include="Shader.h">
      <Filter>Hlavičkové soubory</Filter>
    </ClInclude>
    <ClInclude Include="VertexObject.h">
      <Filter>Hlavičkové soubory</Filter>
    </ClInclude>
    <ClInclude Include="Camera.h">
      <Filter>Hlavičkové soubory</Filter>
    </ClInclude>
    <ClInclude Include="suzi_smooth.h">
      <Filter>Hlavičkové soubory\ObjectArray</Filter>
    </ClInclude>
    <ClInclude Include="sphere.h">
      <Filter>Hlavičkové soubory\ObjectArray</Filter>
    </ClInclude>
    <ClInclude Include="suzi_flat.h">
      <Filter>Hlavičkové soubory\ObjectArray</Filter>
    </ClInclude>
    <ClInclude Include="plain.h">
      <Filter>Hlavičkové soubory\ObjectArray</Filter>
    </ClInclude>
    <ClInclude Include="f_lambert.glsl">
      <Filter>shaders\fragment</Filter>
    </ClInclude>
    <ClInclude Include="f_phong.glsl">
      <Filter>shaders\fragment</Filter>
    </ClInclude>
    <ClInclude Include="v_lambert.glsl">
      <Filter>shaders\vertex</Filter>
    </ClInclude>
    <ClInclude Include="v_phong.glsl">
      <Filter>shaders\vertex</Filter>
    </ClInclude>
    <ClInclude Include="ShaderLoader.h">
      <Filter>Hlavičkové soubory</Filter>
    </ClInclude>
    <ClInclude Include="Object.h">
      <Filter>Hlavičkové soubory</Filter>
    </ClInclude>
    <ClInclude Include="Light.h">
      <Filter>Hlavičkové soubory</Filter>
    </ClInclude>
    <ClInclude Include="Texture.h">
      <Filter>Hlavičkové soubory</Filter>
    </ClInclude>
    <ClInclude Include="Model.h">
      <Filter>Hlavičkové soubory</Filter>
    </ClInclude>
    <ClInclude Include="Application.h">
      <Filter>Hlavičkové soubory</Filter>
    </ClInclude>
    <ClInclude Include="Renderer.h">
      <Filter>Hlavičkové soubory</Filter>
    </ClInclude>
    <ClInclude Include="EnumShaderType.h">
      <Filter>Hlavičkové soubory\ObjectArray</Filter>
    </ClInclude>
    <ClInclude Include="VertexStruct.h">
      <Filter>Hlavičkové soubory</Filter>
    </ClInclude>
    <ClInclude Include="SceneObjects.h">
      <Filter>Hlavičkové soubory</Filter>
    </ClInclude>
    <ClInclude Include="Movement.h">
      <Filter>Hlavičkové soubory</Filter>
    </ClInclude>
  </ItemGroup>
  <ItemGroup>
    <None Include="f_texture.glsl">
      <Filter>shaders\fragment</Filter>
    </None>
    <None Include="v_texture.glsl">
      <Filter>shaders\vertex</Filter>
    </None>
    <None Include="f_assimp.glsl">
      <Filter>shaders\fragment</Filter>
    </None>
    <None Include="v_assimp.glsl">
      <Filter>shaders\vertex</Filter>
    </None>
    <None Include="first.h">
      <Filter>Hlavičkové soubory\curves</Filter>
    </None>
    <None Include="second.h">
      <Filter>Hlavičkové soubory\curves</Filter>
    </None>
  </ItemGroup>
</Project>